
Microsoft Visual Studio Solution File, Format Version 12.00
# Visual Studio Version 17
VisualStudioVersion = 17.1.32328.378
MinimumVisualStudioVersion = 10.0.40219.1
Project("{FAE04EC0-301F-11D3-BF4B-00C04F79EFBC}") = "Methods", "Methods.csproj", "{778725E1-6632-4C18-AA6C-8F8F21026D95}"
EndProject
Global
	GlobalSection(SolutionConfigurationPlatforms) = preSolution
		Debug|Any CPU = Debug|Any CPU
		Release|Any CPU = Release|Any CPU
	EndGlobalSection
	GlobalSection(ProjectConfigurationPlatforms) = postSolution
		{778725E1-6632-4C18-AA6C-8F8F21026D95}.Debug|Any CPU.ActiveCfg = Debug|Any CPU
		{778725E1-6632-4C18-AA6C-8F8F21026D95}.Debug|Any CPU.Build.0 = Debug|Any CPU
		{778725E1-6632-4C18-AA6C-8F8F21026D95}.Release|Any CPU.ActiveCfg = Release|Any CPU
		{778725E1-6632-4C18-AA6C-8F8F21026D95}.Release|Any CPU.Build.0 = Release|Any CPU
	EndGlobalSection
	GlobalSection(SolutionProperties) = preSolution
		HideSolutionNode = FALSE
	EndGlobalSection
	GlobalSection(ExtensibilityGlobals) = postSolution
		SolutionGuid = {D671F168-983F-4AAC-A325-E64B84A21093}
	EndGlobalSection
EndGlobal
